
Microsoft Visual Studio Solution File, Format Version 12.00
# Visual Studio Version 16
VisualStudioVersion = 16.0.30104.148
MinimumVisualStudioVersion = 10.0.40219.1
Project("{FAE04EC0-301F-11D3-BF4B-00C04F79EFBC}") = "QuanLyBanHang", "QuanLyBanHang_17SE111\QuanLyBanHang.csproj", "{9A31F2B0-BB2E-4363-AB8A-6EB297B39203}"
EndProject
Project("{FAE04EC0-301F-11D3-BF4B-00C04F79EFBC}") = "MyLibrary", "MyLibrary\MyLibrary.csproj", "{37D41621-81D7-41A7-9F38-7FAF0EC42C3A}"
EndProject
Project("{2150E333-8FDC-42A3-9474-1A3956D46DE8}") = "Solution Items", "Solution Items", "{424D0BB3-9588-44D4-8A29-F9081B2E3ACE}"
	ProjectSection(SolutionItems) = preProject
		.editorconfig = .editorconfig
	EndProjectSection
EndProject
Global
	GlobalSection(SolutionConfigurationPlatforms) = preSolution
		Debug|Any CPU = Debug|Any CPU
		Release|Any CPU = Release|Any CPU
	EndGlobalSection
	GlobalSection(ProjectConfigurationPlatforms) = postSolution
		{9A31F2B0-BB2E-4363-AB8A-6EB297B39203}.Debug|Any CPU.ActiveCfg = Debug|Any CPU
		{9A31F2B0-BB2E-4363-AB8A-6EB297B39203}.Debug|Any CPU.Build.0 = Debug|Any CPU
		{9A31F2B0-BB2E-4363-AB8A-6EB297B39203}.Release|Any CPU.ActiveCfg = Release|Any CPU
		{9A31F2B0-BB2E-4363-AB8A-6EB297B39203}.Release|Any CPU.Build.0 = Release|Any CPU
		{37D41621-81D7-41A7-9F38-7FAF0EC42C3A}.Debug|Any CPU.ActiveCfg = Debug|Any CPU
		{37D41621-81D7-41A7-9F38-7FAF0EC42C3A}.Debug|Any CPU.Build.0 = Debug|Any CPU
		{37D41621-81D7-41A7-9F38-7FAF0EC42C3A}.Release|Any CPU.ActiveCfg = Release|Any CPU
		{37D41621-81D7-41A7-9F38-7FAF0EC42C3A}.Release|Any CPU.Build.0 = Release|Any CPU
	EndGlobalSection
	GlobalSection(SolutionProperties) = preSolution
		HideSolutionNode = FALSE
	EndGlobalSection
	GlobalSection(ExtensibilityGlobals) = postSolution
		SolutionGuid = {439C1C61-D1C4-41F7-8DC0-4A714BFB4AB6}
	EndGlobalSection
EndGlobal
